
Microsoft Visual Studio Solution File, Format Version 12.00
# Visual Studio Version 17
VisualStudioVersion = 17.7.34031.279
MinimumVisualStudioVersion = 10.0.40219.1
Project("{9A19103F-16F7-4668-BE54-9A1E7A4F7556}") = "BigDSignClientDesktop", "BigDSignClientDesktop\BigDSignClientDesktop.csproj", "{475EB11A-9933-403C-A208-654632490953}"
EndProject
Global
	GlobalSection(SolutionConfigurationPlatforms) = preSolution
		Debug|Any CPU = Debug|Any CPU
		Release|Any CPU = Release|Any CPU
	EndGlobalSection
	GlobalSection(ProjectConfigurationPlatforms) = postSolution
		{475EB11A-9933-403C-A208-654632490953}.Debug|Any CPU.ActiveCfg = Debug|Any CPU
		{475EB11A-9933-403C-A208-654632490953}.Debug|Any CPU.Build.0 = Debug|Any CPU
		{475EB11A-9933-403C-A208-654632490953}.Release|Any CPU.ActiveCfg = Release|Any CPU
		{475EB11A-9933-403C-A208-654632490953}.Release|Any CPU.Build.0 = Release|Any CPU
	EndGlobalSection
	GlobalSection(SolutionProperties) = preSolution
		HideSolutionNode = FALSE
	EndGlobalSection
	GlobalSection(ExtensibilityGlobals) = postSolution
		SolutionGuid = {206AE229-14D8-4A0E-8BE2-CBE78D258F66}
	EndGlobalSection
EndGlobal
